
Microsoft Visual Studio Solution File, Format Version 12.00
# Visual Studio Version 16
VisualStudioVersion = 16.0.29409.12
MinimumVisualStudioVersion = 10.0.40219.1
Project("{FAE04EC0-301F-11D3-BF4B-00C04F79EFBC}") = "Laba 3", "Laba 3\Laba 3.csproj", "{B3031B78-AB4A-4766-968A-40D167FA8608}"
EndProject
Project("{FAE04EC0-301F-11D3-BF4B-00C04F79EFBC}") = "Laba 4", "Laba 4\Laba 4.csproj", "{7DDC5390-9FE2-4BEE-910D-758EDB07E9AE}"
EndProject
Project("{FAE04EC0-301F-11D3-BF4B-00C04F79EFBC}") = "Laba 5", "Laba 5\Laba 5.csproj", "{15D13A1A-6657-493C-AEC2-CD3EB4EF3C6E}"
EndProject
Project("{FAE04EC0-301F-11D3-BF4B-00C04F79EFBC}") = "Laba 6", "Laba 6\Laba 6.csproj", "{9FAA571F-8779-4E8A-8B78-157AFDF9F020}"
EndProject
Project("{FAE04EC0-301F-11D3-BF4B-00C04F79EFBC}") = "Dick Figures", "Dick Figures\Dick Figures.csproj", "{C4E28213-CF02-4D8C-8217-48284FA9920D}"
EndProject
Project("{FAE04EC0-301F-11D3-BF4B-00C04F79EFBC}") = "Laba 7", "Laba 7\Laba 7.csproj", "{49C5495C-4525-420C-88EC-662800D142B1}"
EndProject
Project("{FAE04EC0-301F-11D3-BF4B-00C04F79EFBC}") = "Laba 8", "Laba 8\Laba 8.csproj", "{5CC4FF55-9609-4508-B932-D78CB7A3F568}"
EndProject
Project("{FAE04EC0-301F-11D3-BF4B-00C04F79EFBC}") = "Laba 9", "Laba 9\Laba 9.csproj", "{7DB95E4C-6D38-48DE-8C36-2585EB40EFF1}"
EndProject
Project("{FAE04EC0-301F-11D3-BF4B-00C04F79EFBC}") = "Laba 2", "Laba 2\Laba 2.csproj", "{3EFBA078-D558-4E0C-9C6C-EC7CD6B4BB34}"
EndProject
Project("{FAE04EC0-301F-11D3-BF4B-00C04F79EFBC}") = "Laba 10", "Laba 10\Laba 10.csproj", "{359ABFEB-F1FA-4CF3-9142-E4F8ED70F4F7}"
EndProject
Project("{FAE04EC0-301F-11D3-BF4B-00C04F79EFBC}") = "Laba 11", "Laba 11\Laba 11.csproj", "{87EED0FD-C698-4C9F-B329-376EFC7C133D}"
EndProject
Project("{FAE04EC0-301F-11D3-BF4B-00C04F79EFBC}") = "Laba 12", "Laba 12\Laba 12.csproj", "{8BBEDD76-4BB5-4892-BF53-6074A2059462}"
EndProject
Project("{FAE04EC0-301F-11D3-BF4B-00C04F79EFBC}") = "Heart", "Heart\Heart.csproj", "{FCF58A63-F5D8-4675-980C-6CC9C2AC3C58}"
EndProject
Global
	GlobalSection(SolutionConfigurationPlatforms) = preSolution
		Debug|Any CPU = Debug|Any CPU
		Debug|x86 = Debug|x86
		Release|Any CPU = Release|Any CPU
		Release|x86 = Release|x86
	EndGlobalSection
	GlobalSection(ProjectConfigurationPlatforms) = postSolution
		{B3031B78-AB4A-4766-968A-40D167FA8608}.Debug|Any CPU.ActiveCfg = Debug|x86
		{B3031B78-AB4A-4766-968A-40D167FA8608}.Debug|Any CPU.Build.0 = Debug|x86
		{B3031B78-AB4A-4766-968A-40D167FA8608}.Debug|x86.ActiveCfg = Debug|x86
		{B3031B78-AB4A-4766-968A-40D167FA8608}.Debug|x86.Build.0 = Debug|x86
		{B3031B78-AB4A-4766-968A-40D167FA8608}.Release|Any CPU.ActiveCfg = Release|Any CPU
		{B3031B78-AB4A-4766-968A-40D167FA8608}.Release|Any CPU.Build.0 = Release|Any CPU
		{B3031B78-AB4A-4766-968A-40D167FA8608}.Release|x86.ActiveCfg = Release|x86
		{B3031B78-AB4A-4766-968A-40D167FA8608}.Release|x86.Build.0 = Release|x86
		{7DDC5390-9FE2-4BEE-910D-758EDB07E9AE}.Debug|Any CPU.ActiveCfg = Debug|Any CPU
		{7DDC5390-9FE2-4BEE-910D-758EDB07E9AE}.Debug|Any CPU.Build.0 = Debug|Any CPU
		{7DDC5390-9FE2-4BEE-910D-758EDB07E9AE}.Debug|x86.ActiveCfg = Debug|Any CPU
		{7DDC5390-9FE2-4BEE-910D-758EDB07E9AE}.Debug|x86.Build.0 = Debug|Any CPU
		{7DDC5390-9FE2-4BEE-910D-758EDB07E9AE}.Release|Any CPU.ActiveCfg = Release|Any CPU
		{7DDC5390-9FE2-4BEE-910D-758EDB07E9AE}.Release|Any CPU.Build.0 = Release|Any CPU
		{7DDC5390-9FE2-4BEE-910D-758EDB07E9AE}.Release|x86.ActiveCfg = Release|Any CPU
		{7DDC5390-9FE2-4BEE-910D-758EDB07E9AE}.Release|x86.Build.0 = Release|Any CPU
		{15D13A1A-6657-493C-AEC2-CD3EB4EF3C6E}.Debug|Any CPU.ActiveCfg = Debug|Any CPU
		{15D13A1A-6657-493C-AEC2-CD3EB4EF3C6E}.Debug|Any CPU.Build.0 = Debug|Any CPU
		{15D13A1A-6657-493C-AEC2-CD3EB4EF3C6E}.Debug|x86.ActiveCfg = Debug|Any CPU
		{15D13A1A-6657-493C-AEC2-CD3EB4EF3C6E}.Debug|x86.Build.0 = Debug|Any CPU
		{15D13A1A-6657-493C-AEC2-CD3EB4EF3C6E}.Release|Any CPU.ActiveCfg = Release|Any CPU
		{15D13A1A-6657-493C-AEC2-CD3EB4EF3C6E}.Release|Any CPU.Build.0 = Release|Any CPU
		{15D13A1A-6657-493C-AEC2-CD3EB4EF3C6E}.Release|x86.ActiveCfg = Release|Any CPU
		{15D13A1A-6657-493C-AEC2-CD3EB4EF3C6E}.Release|x86.Build.0 = Release|Any CPU
		{9FAA571F-8779-4E8A-8B78-157AFDF9F020}.Debug|Any CPU.ActiveCfg = Debug|Any CPU
		{9FAA571F-8779-4E8A-8B78-157AFDF9F020}.Debug|Any CPU.Build.0 = Debug|Any CPU
		{9FAA571F-8779-4E8A-8B78-157AFDF9F020}.Debug|x86.ActiveCfg = Debug|Any CPU
		{9FAA571F-8779-4E8A-8B78-157AFDF9F020}.Debug|x86.Build.0 = Debug|Any CPU
		{9FAA571F-8779-4E8A-8B78-157AFDF9F020}.Release|Any CPU.ActiveCfg = Release|Any CPU
		{9FAA571F-8779-4E8A-8B78-157AFDF9F020}.Release|Any CPU.Build.0 = Release|Any CPU
		{9FAA571F-8779-4E8A-8B78-157AFDF9F020}.Release|x86.ActiveCfg = Release|Any CPU
		{9FAA571F-8779-4E8A-8B78-157AFDF9F020}.Release|x86.Build.0 = Release|Any CPU
		{C4E28213-CF02-4D8C-8217-48284FA9920D}.Debug|Any CPU.ActiveCfg = Debug|Any CPU
		{C4E28213-CF02-4D8C-8217-48284FA9920D}.Debug|Any CPU.Build.0 = Debug|Any CPU
		{C4E28213-CF02-4D8C-8217-48284FA9920D}.Debug|x86.ActiveCfg = Debug|Any CPU
		{C4E28213-CF02-4D8C-8217-48284FA9920D}.Debug|x86.Build.0 = Debug|Any CPU
		{C4E28213-CF02-4D8C-8217-48284FA9920D}.Release|Any CPU.ActiveCfg = Release|Any CPU
		{C4E28213-CF02-4D8C-8217-48284FA9920D}.Release|Any CPU.Build.0 = Release|Any CPU
		{C4E28213-CF02-4D8C-8217-48284FA9920D}.Release|x86.ActiveCfg = Release|Any CPU
		{C4E28213-CF02-4D8C-8217-48284FA9920D}.Release|x86.Build.0 = Release|Any CPU
		{49C5495C-4525-420C-88EC-662800D142B1}.Debug|Any CPU.ActiveCfg = Debug|Any CPU
		{49C5495C-4525-420C-88EC-662800D142B1}.Debug|Any CPU.Build.0 = Debug|Any CPU
		{49C5495C-4525-420C-88EC-662800D142B1}.Debug|x86.ActiveCfg = Debug|Any CPU
		{49C5495C-4525-420C-88EC-662800D142B1}.Debug|x86.Build.0 = Debug|Any CPU
		{49C5495C-4525-420C-88EC-662800D142B1}.Release|Any CPU.ActiveCfg = Release|Any CPU
		{49C5495C-4525-420C-88EC-662800D142B1}.Release|Any CPU.Build.0 = Release|Any CPU
		{49C5495C-4525-420C-88EC-662800D142B1}.Release|x86.ActiveCfg = Release|Any CPU
		{49C5495C-4525-420C-88EC-662800D142B1}.Release|x86.Build.0 = Release|Any CPU
		{5CC4FF55-9609-4508-B932-D78CB7A3F568}.Debug|Any CPU.ActiveCfg = Debug|Any CPU
		{5CC4FF55-9609-4508-B932-D78CB7A3F568}.Debug|Any CPU.Build.0 = Debug|Any CPU
		{5CC4FF55-9609-4508-B932-D78CB7A3F568}.Debug|x86.ActiveCfg = Debug|Any CPU
		{5CC4FF55-9609-4508-B932-D78CB7A3F568}.Debug|x86.Build.0 = Debug|Any CPU
		{5CC4FF55-9609-4508-B932-D78CB7A3F568}.Release|Any CPU.ActiveCfg = Release|Any CPU
		{5CC4FF55-9609-4508-B932-D78CB7A3F568}.Release|Any CPU.Build.0 = Release|Any CPU
		{5CC4FF55-9609-4508-B932-D78CB7A3F568}.Release|x86.ActiveCfg = Release|Any CPU
		{5CC4FF55-9609-4508-B932-D78CB7A3F568}.Release|x86.Build.0 = Release|Any CPU
		{7DB95E4C-6D38-48DE-8C36-2585EB40EFF1}.Debug|Any CPU.ActiveCfg = Debug|Any CPU
		{7DB95E4C-6D38-48DE-8C36-2585EB40EFF1}.Debug|Any CPU.Build.0 = Debug|Any CPU
		{7DB95E4C-6D38-48DE-8C36-2585EB40EFF1}.Debug|x86.ActiveCfg = Debug|Any CPU
		{7DB95E4C-6D38-48DE-8C36-2585EB40EFF1}.Debug|x86.Build.0 = Debug|Any CPU
		{7DB95E4C-6D38-48DE-8C36-2585EB40EFF1}.Release|Any CPU.ActiveCfg = Release|Any CPU
		{7DB95E4C-6D38-48DE-8C36-2585EB40EFF1}.Release|Any CPU.Build.0 = Release|Any CPU
		{7DB95E4C-6D38-48DE-8C36-2585EB40EFF1}.Release|x86.ActiveCfg = Release|Any CPU
		{7DB95E4C-6D38-48DE-8C36-2585EB40EFF1}.Release|x86.Build.0 = Release|Any CPU
		{3EFBA078-D558-4E0C-9C6C-EC7CD6B4BB34}.Debug|Any CPU.ActiveCfg = Debug|Any CPU
		{3EFBA078-D558-4E0C-9C6C-EC7CD6B4BB34}.Debug|Any CPU.Build.0 = Debug|Any CPU
		{3EFBA078-D558-4E0C-9C6C-EC7CD6B4BB34}.Debug|x86.ActiveCfg = Debug|Any CPU
		{3EFBA078-D558-4E0C-9C6C-EC7CD6B4BB34}.Debug|x86.Build.0 = Debug|Any CPU
		{3EFBA078-D558-4E0C-9C6C-EC7CD6B4BB34}.Release|Any CPU.ActiveCfg = Release|Any CPU
		{3EFBA078-D558-4E0C-9C6C-EC7CD6B4BB34}.Release|Any CPU.Build.0 = Release|Any CPU
		{3EFBA078-D558-4E0C-9C6C-EC7CD6B4BB34}.Release|x86.ActiveCfg = Release|Any CPU
		{3EFBA078-D558-4E0C-9C6C-EC7CD6B4BB34}.Release|x86.Build.0 = Release|Any CPU
		{359ABFEB-F1FA-4CF3-9142-E4F8ED70F4F7}.Debug|Any CPU.ActiveCfg = Debug|Any CPU
		{359ABFEB-F1FA-4CF3-9142-E4F8ED70F4F7}.Debug|Any CPU.Build.0 = Debug|Any CPU
		{359ABFEB-F1FA-4CF3-9142-E4F8ED70F4F7}.Debug|x86.ActiveCfg = Debug|Any CPU
		{359ABFEB-F1FA-4CF3-9142-E4F8ED70F4F7}.Debug|x86.Build.0 = Debug|Any CPU
		{359ABFEB-F1FA-4CF3-9142-E4F8ED70F4F7}.Release|Any CPU.ActiveCfg = Release|Any CPU
		{359ABFEB-F1FA-4CF3-9142-E4F8ED70F4F7}.Release|Any CPU.Build.0 = Release|Any CPU
		{359ABFEB-F1FA-4CF3-9142-E4F8ED70F4F7}.Release|x86.ActiveCfg = Release|Any CPU
		{359ABFEB-F1FA-4CF3-9142-E4F8ED70F4F7}.Release|x86.Build.0 = Release|Any CPU
		{87EED0FD-C698-4C9F-B329-376EFC7C133D}.Debug|Any CPU.ActiveCfg = Debug|Any CPU
		{87EED0FD-C698-4C9F-B329-376EFC7C133D}.Debug|Any CPU.Build.0 = Debug|Any CPU
		{87EED0FD-C698-4C9F-B329-376EFC7C133D}.Debug|x86.ActiveCfg = Debug|Any CPU
		{87EED0FD-C698-4C9F-B329-376EFC7C133D}.Debug|x86.Build.0 = Debug|Any CPU
		{87EED0FD-C698-4C9F-B329-376EFC7C133D}.Release|Any CPU.ActiveCfg = Release|Any CPU
		{87EED0FD-C698-4C9F-B329-376EFC7C133D}.Release|Any CPU.Build.0 = Release|Any CPU
		{87EED0FD-C698-4C9F-B329-376EFC7C133D}.Release|x86.ActiveCfg = Release|Any CPU
		{87EED0FD-C698-4C9F-B329-376EFC7C133D}.Release|x86.Build.0 = Release|Any CPU
		{8BBEDD76-4BB5-4892-BF53-6074A2059462}.Debug|Any CPU.ActiveCfg = Debug|Any CPU
		{8BBEDD76-4BB5-4892-BF53-6074A2059462}.Debug|Any CPU.Build.0 = Debug|Any CPU
		{8BBEDD76-4BB5-4892-BF53-6074A2059462}.Debug|x86.ActiveCfg = Debug|Any CPU
		{8BBEDD76-4BB5-4892-BF53-6074A2059462}.Debug|x86.Build.0 = Debug|Any CPU
		{8BBEDD76-4BB5-4892-BF53-6074A2059462}.Release|Any CPU.ActiveCfg = Release|Any CPU
		{8BBEDD76-4BB5-4892-BF53-6074A2059462}.Release|Any CPU.Build.0 = Release|Any CPU
		{8BBEDD76-4BB5-4892-BF53-6074A2059462}.Release|x86.ActiveCfg = Release|Any CPU
		{8BBEDD76-4BB5-4892-BF53-6074A2059462}.Release|x86.Build.0 = Release|Any CPU
		{FCF58A63-F5D8-4675-980C-6CC9C2AC3C58}.Debug|Any CPU.ActiveCfg = Debug|Any CPU
		{FCF58A63-F5D8-4675-980C-6CC9C2AC3C58}.Debug|Any CPU.Build.0 = Debug|Any CPU
		{FCF58A63-F5D8-4675-980C-6CC9C2AC3C58}.Debug|x86.ActiveCfg = Debug|Any CPU
		{FCF58A63-F5D8-4675-980C-6CC9C2AC3C58}.Debug|x86.Build.0 = Debug|Any CPU
		{FCF58A63-F5D8-4675-980C-6CC9C2AC3C58}.Release|Any CPU.ActiveCfg = Release|Any CPU
		{FCF58A63-F5D8-4675-980C-6CC9C2AC3C58}.Release|Any CPU.Build.0 = Release|Any CPU
		{FCF58A63-F5D8-4675-980C-6CC9C2AC3C58}.Release|x86.ActiveCfg = Release|Any CPU
		{FCF58A63-F5D8-4675-980C-6CC9C2AC3C58}.Release|x86.Build.0 = Release|Any CPU
	EndGlobalSection
	GlobalSection(SolutionProperties) = preSolution
		HideSolutionNode = FALSE
	EndGlobalSection
	GlobalSection(ExtensibilityGlobals) = postSolution
		SolutionGuid = {B2F9A44C-2C63-4B29-BD7B-9464A02F2ED9}
	EndGlobalSection
EndGlobal
